
Microsoft Visual Studio Solution File, Format Version 12.00
# Visual Studio 15
VisualStudioVersion = 15.0.27428.2015
MinimumVisualStudioVersion = 10.0.40219.1
Project("{2150E333-8FDC-42A3-9474-1A3956D46DE8}") = "Root", "Root", "{CDE85BE7-A9FF-4957-977C-2A17CD584199}"
	ProjectSection(SolutionItems) = preProject
		.gitignore = .gitignore
		Development Guidelines.docx = Development Guidelines.docx
		Development Guidelines.pdf = Development Guidelines.pdf
		Diagrams.simp = Diagrams.simp
		LICENSE = LICENSE
		Methodology Guidelines.docx = Methodology Guidelines.docx
		Methodology Guidelines.pdf = Methodology Guidelines.pdf
		README.md = README.md
	EndProjectSection
EndProject
Project("{2150E333-8FDC-42A3-9474-1A3956D46DE8}") = "Samples", "Samples", "{8F8D73A1-7DFA-467B-BD3B-13347904DCFC}"
	ProjectSection(SolutionItems) = preProject
		Samples\Labels Create.sh = Samples\Labels Create.sh
		Samples\Labels Delete.sh = Samples\Labels Delete.sh
		Samples\Milestones Create.sh = Samples\Milestones Create.sh
	EndProjectSection
EndProject
Global
	GlobalSection(SolutionProperties) = preSolution
		HideSolutionNode = FALSE
	EndGlobalSection
	GlobalSection(ExtensibilityGlobals) = postSolution
		SolutionGuid = {CE5FCEFD-2DD0-4777-A27B-F592AB6EBB73}
	EndGlobalSection
EndGlobal
